
Microsoft Visual Studio Solution File, Format Version 12.00
# Visual Studio Version 16
VisualStudioVersion = 16.0.32106.194
MinimumVisualStudioVersion = 10.0.40219.1
Project("{FAE04EC0-301F-11D3-BF4B-00C04F79EFBC}") = "PrimeiroProjeto", "PrimeiroProjeto\PrimeiroProjeto.csproj", "{784EA670-1B16-441D-8605-AB6C2A59213B}"
EndProject
Global
	GlobalSection(SolutionConfigurationPlatforms) = preSolution
		Debug|Any CPU = Debug|Any CPU
		Release|Any CPU = Release|Any CPU
	EndGlobalSection
	GlobalSection(ProjectConfigurationPlatforms) = postSolution
		{784EA670-1B16-441D-8605-AB6C2A59213B}.Debug|Any CPU.ActiveCfg = Debug|Any CPU
		{784EA670-1B16-441D-8605-AB6C2A59213B}.Debug|Any CPU.Build.0 = Debug|Any CPU
		{784EA670-1B16-441D-8605-AB6C2A59213B}.Release|Any CPU.ActiveCfg = Release|Any CPU
		{784EA670-1B16-441D-8605-AB6C2A59213B}.Release|Any CPU.Build.0 = Release|Any CPU
	EndGlobalSection
	GlobalSection(SolutionProperties) = preSolution
		HideSolutionNode = FALSE
	EndGlobalSection
	GlobalSection(ExtensibilityGlobals) = postSolution
		SolutionGuid = {EB2B2DEF-4908-44D7-9A3C-084B14DCDAD1}
	EndGlobalSection
EndGlobal
